
Microsoft Visual Studio Solution File, Format Version 12.00
# Visual Studio Version 16
VisualStudioVersion = 16.0.29709.97
MinimumVisualStudioVersion = 10.0.40219.1
Project("{FAE04EC0-301F-11D3-BF4B-00C04F79EFBC}") = "RepairHist_mmo", "RepairHist_mmo\RepairHist_mmo.csproj", "{D3E56395-592B-417F-8FC6-9B84AA9A7052}"
EndProject
Project("{FAE04EC0-301F-11D3-BF4B-00C04F79EFBC}") = "RepairHist_mmo.Tests1", "RepairHist_mmo.Tests1\RepairHist_mmo.Tests1.csproj", "{1A000FEB-185F-442E-A021-B05A2B171F79}"
EndProject
Project("{2150E333-8FDC-42A3-9474-1A3956D46DE8}") = "Solution Items", "Solution Items", "{102E3665-94D2-40B3-A9C8-DBD3D722514C}"
	ProjectSection(SolutionItems) = preProject
		Performance1.psess = Performance1.psess
		TestSettings1.testsettings = TestSettings1.testsettings
	EndProjectSection
EndProject
Project("{FAE04EC0-301F-11D3-BF4B-00C04F79EFBC}") = "TestClientRory", "TestClientROry\TestClientRory.csproj", "{9BC78062-9FEB-428C-B69C-4FF385BF3830}"
EndProject
Project("{FAE04EC0-301F-11D3-BF4B-00C04F79EFBC}") = "UnityClient", "UnityClient\UnityClient.csproj", "{79569E57-0CC6-4B0D-837B-D704C21A7918}"
EndProject
Project("{FAE04EC0-301F-11D3-BF4B-00C04F79EFBC}") = "ClientDLL", "ClientDLL\ClientDLL.csproj", "{D1921BAB-9513-493C-AEA6-E02A3C661214}"
EndProject
Project("{FAE04EC0-301F-11D3-BF4B-00C04F79EFBC}") = "ProtoMessage", "ProtoMessage\ProtoMessage.csproj", "{946FDB6E-74FC-44BA-851E-6109459F631B}"
EndProject
Project("{FAE04EC0-301F-11D3-BF4B-00C04F79EFBC}") = "GtkClient", "GtkClient\GtkClient\GtkClient\GtkClient.csproj", "{EE00BDE0-4778-40CA-94F9-C1D65B017121}"
EndProject
Global
	GlobalSection(SolutionConfigurationPlatforms) = preSolution
		Debug|Any CPU = Debug|Any CPU
		Debug|x86 = Debug|x86
		Release|Any CPU = Release|Any CPU
		Release|x86 = Release|x86
		Verification|Any CPU = Verification|Any CPU
		Verification|x86 = Verification|x86
	EndGlobalSection
	GlobalSection(ProjectConfigurationPlatforms) = postSolution
		{D3E56395-592B-417F-8FC6-9B84AA9A7052}.Debug|Any CPU.ActiveCfg = Debug|Any CPU
		{D3E56395-592B-417F-8FC6-9B84AA9A7052}.Debug|Any CPU.Build.0 = Debug|Any CPU
		{D3E56395-592B-417F-8FC6-9B84AA9A7052}.Debug|x86.ActiveCfg = Debug|Any CPU
		{D3E56395-592B-417F-8FC6-9B84AA9A7052}.Debug|x86.Build.0 = Debug|Any CPU
		{D3E56395-592B-417F-8FC6-9B84AA9A7052}.Release|Any CPU.ActiveCfg = Release|Any CPU
		{D3E56395-592B-417F-8FC6-9B84AA9A7052}.Release|Any CPU.Build.0 = Release|Any CPU
		{D3E56395-592B-417F-8FC6-9B84AA9A7052}.Release|x86.ActiveCfg = Release|Any CPU
		{D3E56395-592B-417F-8FC6-9B84AA9A7052}.Release|x86.Build.0 = Release|Any CPU
		{D3E56395-592B-417F-8FC6-9B84AA9A7052}.Verification|Any CPU.ActiveCfg = Verification|Any CPU
		{D3E56395-592B-417F-8FC6-9B84AA9A7052}.Verification|Any CPU.Build.0 = Verification|Any CPU
		{D3E56395-592B-417F-8FC6-9B84AA9A7052}.Verification|x86.ActiveCfg = Verification|Any CPU
		{D3E56395-592B-417F-8FC6-9B84AA9A7052}.Verification|x86.Build.0 = Verification|Any CPU
		{1A000FEB-185F-442E-A021-B05A2B171F79}.Debug|Any CPU.ActiveCfg = Debug|Any CPU
		{1A000FEB-185F-442E-A021-B05A2B171F79}.Debug|Any CPU.Build.0 = Debug|Any CPU
		{1A000FEB-185F-442E-A021-B05A2B171F79}.Debug|x86.ActiveCfg = Debug|Any CPU
		{1A000FEB-185F-442E-A021-B05A2B171F79}.Debug|x86.Build.0 = Debug|Any CPU
		{1A000FEB-185F-442E-A021-B05A2B171F79}.Release|Any CPU.ActiveCfg = Release|Any CPU
		{1A000FEB-185F-442E-A021-B05A2B171F79}.Release|Any CPU.Build.0 = Release|Any CPU
		{1A000FEB-185F-442E-A021-B05A2B171F79}.Release|x86.ActiveCfg = Release|Any CPU
		{1A000FEB-185F-442E-A021-B05A2B171F79}.Release|x86.Build.0 = Release|Any CPU
		{1A000FEB-185F-442E-A021-B05A2B171F79}.Verification|Any CPU.ActiveCfg = Verification|Any CPU
		{1A000FEB-185F-442E-A021-B05A2B171F79}.Verification|Any CPU.Build.0 = Verification|Any CPU
		{1A000FEB-185F-442E-A021-B05A2B171F79}.Verification|x86.ActiveCfg = Verification|Any CPU
		{1A000FEB-185F-442E-A021-B05A2B171F79}.Verification|x86.Build.0 = Verification|Any CPU
		{9BC78062-9FEB-428C-B69C-4FF385BF3830}.Debug|Any CPU.ActiveCfg = Debug|Any CPU
		{9BC78062-9FEB-428C-B69C-4FF385BF3830}.Debug|Any CPU.Build.0 = Debug|Any CPU
		{9BC78062-9FEB-428C-B69C-4FF385BF3830}.Debug|x86.ActiveCfg = Debug|Any CPU
		{9BC78062-9FEB-428C-B69C-4FF385BF3830}.Debug|x86.Build.0 = Debug|Any CPU
		{9BC78062-9FEB-428C-B69C-4FF385BF3830}.Release|Any CPU.ActiveCfg = Release|Any CPU
		{9BC78062-9FEB-428C-B69C-4FF385BF3830}.Release|Any CPU.Build.0 = Release|Any CPU
		{9BC78062-9FEB-428C-B69C-4FF385BF3830}.Release|x86.ActiveCfg = Release|Any CPU
		{9BC78062-9FEB-428C-B69C-4FF385BF3830}.Release|x86.Build.0 = Release|Any CPU
		{9BC78062-9FEB-428C-B69C-4FF385BF3830}.Verification|Any CPU.ActiveCfg = Release|Any CPU
		{9BC78062-9FEB-428C-B69C-4FF385BF3830}.Verification|Any CPU.Build.0 = Release|Any CPU
		{9BC78062-9FEB-428C-B69C-4FF385BF3830}.Verification|x86.ActiveCfg = Release|Any CPU
		{9BC78062-9FEB-428C-B69C-4FF385BF3830}.Verification|x86.Build.0 = Release|Any CPU
		{79569E57-0CC6-4B0D-837B-D704C21A7918}.Debug|Any CPU.ActiveCfg = Debug|Any CPU
		{79569E57-0CC6-4B0D-837B-D704C21A7918}.Debug|Any CPU.Build.0 = Debug|Any CPU
		{79569E57-0CC6-4B0D-837B-D704C21A7918}.Debug|x86.ActiveCfg = Debug|Any CPU
		{79569E57-0CC6-4B0D-837B-D704C21A7918}.Debug|x86.Build.0 = Debug|Any CPU
		{79569E57-0CC6-4B0D-837B-D704C21A7918}.Release|Any CPU.ActiveCfg = Release|Any CPU
		{79569E57-0CC6-4B0D-837B-D704C21A7918}.Release|Any CPU.Build.0 = Release|Any CPU
		{79569E57-0CC6-4B0D-837B-D704C21A7918}.Release|x86.ActiveCfg = Release|Any CPU
		{79569E57-0CC6-4B0D-837B-D704C21A7918}.Release|x86.Build.0 = Release|Any CPU
		{79569E57-0CC6-4B0D-837B-D704C21A7918}.Verification|Any CPU.ActiveCfg = Release|Any CPU
		{79569E57-0CC6-4B0D-837B-D704C21A7918}.Verification|Any CPU.Build.0 = Release|Any CPU
		{79569E57-0CC6-4B0D-837B-D704C21A7918}.Verification|x86.ActiveCfg = Release|Any CPU
		{79569E57-0CC6-4B0D-837B-D704C21A7918}.Verification|x86.Build.0 = Release|Any CPU
		{D1921BAB-9513-493C-AEA6-E02A3C661214}.Debug|Any CPU.ActiveCfg = Debug|Any CPU
		{D1921BAB-9513-493C-AEA6-E02A3C661214}.Debug|Any CPU.Build.0 = Debug|Any CPU
		{D1921BAB-9513-493C-AEA6-E02A3C661214}.Debug|x86.ActiveCfg = Debug|Any CPU
		{D1921BAB-9513-493C-AEA6-E02A3C661214}.Debug|x86.Build.0 = Debug|Any CPU
		{D1921BAB-9513-493C-AEA6-E02A3C661214}.Release|Any CPU.ActiveCfg = Release|Any CPU
		{D1921BAB-9513-493C-AEA6-E02A3C661214}.Release|Any CPU.Build.0 = Release|Any CPU
		{D1921BAB-9513-493C-AEA6-E02A3C661214}.Release|x86.ActiveCfg = Release|Any CPU
		{D1921BAB-9513-493C-AEA6-E02A3C661214}.Release|x86.Build.0 = Release|Any CPU
		{D1921BAB-9513-493C-AEA6-E02A3C661214}.Verification|Any CPU.ActiveCfg = Release|Any CPU
		{D1921BAB-9513-493C-AEA6-E02A3C661214}.Verification|Any CPU.Build.0 = Release|Any CPU
		{D1921BAB-9513-493C-AEA6-E02A3C661214}.Verification|x86.ActiveCfg = Release|Any CPU
		{D1921BAB-9513-493C-AEA6-E02A3C661214}.Verification|x86.Build.0 = Release|Any CPU
		{946FDB6E-74FC-44BA-851E-6109459F631B}.Debug|Any CPU.ActiveCfg = Debug|Any CPU
		{946FDB6E-74FC-44BA-851E-6109459F631B}.Debug|Any CPU.Build.0 = Debug|Any CPU
		{946FDB6E-74FC-44BA-851E-6109459F631B}.Debug|x86.ActiveCfg = Debug|Any CPU
		{946FDB6E-74FC-44BA-851E-6109459F631B}.Debug|x86.Build.0 = Debug|Any CPU
		{946FDB6E-74FC-44BA-851E-6109459F631B}.Release|Any CPU.ActiveCfg = Release|Any CPU
		{946FDB6E-74FC-44BA-851E-6109459F631B}.Release|Any CPU.Build.0 = Release|Any CPU
		{946FDB6E-74FC-44BA-851E-6109459F631B}.Release|x86.ActiveCfg = Release|Any CPU
		{946FDB6E-74FC-44BA-851E-6109459F631B}.Release|x86.Build.0 = Release|Any CPU
		{946FDB6E-74FC-44BA-851E-6109459F631B}.Verification|Any CPU.ActiveCfg = Release|Any CPU
		{946FDB6E-74FC-44BA-851E-6109459F631B}.Verification|Any CPU.Build.0 = Release|Any CPU
		{946FDB6E-74FC-44BA-851E-6109459F631B}.Verification|x86.ActiveCfg = Release|Any CPU
		{946FDB6E-74FC-44BA-851E-6109459F631B}.Verification|x86.Build.0 = Release|Any CPU
		{EE00BDE0-4778-40CA-94F9-C1D65B017121}.Debug|Any CPU.ActiveCfg = Debug|x86
		{EE00BDE0-4778-40CA-94F9-C1D65B017121}.Debug|Any CPU.Build.0 = Debug|x86
		{EE00BDE0-4778-40CA-94F9-C1D65B017121}.Debug|x86.ActiveCfg = Debug|x86
		{EE00BDE0-4778-40CA-94F9-C1D65B017121}.Debug|x86.Build.0 = Debug|x86
		{EE00BDE0-4778-40CA-94F9-C1D65B017121}.Release|Any CPU.ActiveCfg = Release|x86
		{EE00BDE0-4778-40CA-94F9-C1D65B017121}.Release|Any CPU.Build.0 = Release|x86
		{EE00BDE0-4778-40CA-94F9-C1D65B017121}.Release|x86.ActiveCfg = Release|x86
		{EE00BDE0-4778-40CA-94F9-C1D65B017121}.Release|x86.Build.0 = Release|x86
		{EE00BDE0-4778-40CA-94F9-C1D65B017121}.Verification|Any CPU.ActiveCfg = Release|x86
		{EE00BDE0-4778-40CA-94F9-C1D65B017121}.Verification|Any CPU.Build.0 = Release|x86
		{EE00BDE0-4778-40CA-94F9-C1D65B017121}.Verification|x86.ActiveCfg = Release|x86
		{EE00BDE0-4778-40CA-94F9-C1D65B017121}.Verification|x86.Build.0 = Release|x86
	EndGlobalSection
	GlobalSection(SolutionProperties) = preSolution
		HideSolutionNode = FALSE
	EndGlobalSection
	GlobalSection(ExtensibilityGlobals) = postSolution
		SolutionGuid = {35E17567-92A2-4279-A1D2-892C3A636246}
	EndGlobalSection
EndGlobal
